// !$*UTF8*$!
{
	archiveVersion = 1;
	classes = {
	};
	objectVersion = 46;
	objects = {

/* Begin PBXBuildFile section */
		0B19F9DA9FEE95BB837800C6 /* Pods_FireURL.framework in Frameworks */ = {isa = PBXBuildFile; fileRef = BD4F6D2EC5EC5E5F85191EE1 /* Pods_FireURL.framework */; };
		3912F99C1C22A1540077A8E2 /* Assets.xcassets in Resources */ = {isa = PBXBuildFile; fileRef = 39184DCF1C209D8800262917 /* Assets.xcassets */; };
		3912F99E1C22A31E0077A8E2 /* Settings.bundle in Resources */ = {isa = PBXBuildFile; fileRef = 3912F99D1C22A31E0077A8E2 /* Settings.bundle */; };
		39184DC91C209D8800262917 /* AppDelegate.swift in Sources */ = {isa = PBXBuildFile; fileRef = 39184DC81C209D8800262917 /* AppDelegate.swift */; };
		39184DCB1C209D8800262917 /* ViewController.swift in Sources */ = {isa = PBXBuildFile; fileRef = 39184DCA1C209D8800262917 /* ViewController.swift */; };
		39184DCE1C209D8800262917 /* Main.storyboard in Resources */ = {isa = PBXBuildFile; fileRef = 39184DCC1C209D8800262917 /* Main.storyboard */; };
		39184DD01C209D8800262917 /* Assets.xcassets in Resources */ = {isa = PBXBuildFile; fileRef = 39184DCF1C209D8800262917 /* Assets.xcassets */; };
		39184DD31C209D8800262917 /* LaunchScreen.storyboard in Resources */ = {isa = PBXBuildFile; fileRef = 39184DD11C209D8800262917 /* LaunchScreen.storyboard */; };
		39388A0E1C22627B0099DE95 /* Pods_FireExtension.framework in Frameworks */ = {isa = PBXBuildFile; fileRef = 39388A0D1C22627B0099DE95 /* Pods_FireExtension.framework */; };
		39388A101C22883A0099DE95 /* FireManager.swift in Sources */ = {isa = PBXBuildFile; fileRef = 39388A0F1C22883A0099DE95 /* FireManager.swift */; };
		39388A111C2289490099DE95 /* FireManager.swift in Sources */ = {isa = PBXBuildFile; fileRef = 39388A0F1C22883A0099DE95 /* FireManager.swift */; };
		39388A121C228C130099DE95 /* NetworkManager.swift in Sources */ = {isa = PBXBuildFile; fileRef = 39DF098F1C209DF100AC341D /* NetworkManager.swift */; };
		396245AE1C23A1470052A0DC /* icon.png in Resources */ = {isa = PBXBuildFile; fileRef = 396245AD1C23A1470052A0DC /* icon.png */; };
		396245B21C23A84D0052A0DC /* github.png in Resources */ = {isa = PBXBuildFile; fileRef = 396245B11C23A84D0052A0DC /* github.png */; };
		39DF09901C209DF100AC341D /* NetworkManager.swift in Sources */ = {isa = PBXBuildFile; fileRef = 39DF098F1C209DF100AC341D /* NetworkManager.swift */; };
		39E4F2201C225705006E77B0 /* ActionRequestHandler.swift in Sources */ = {isa = PBXBuildFile; fileRef = 39E4F21F1C225705006E77B0 /* ActionRequestHandler.swift */; };
		39E4F2261C225705006E77B0 /* FireExtension.appex in Embed App Extensions */ = {isa = PBXBuildFile; fileRef = 39E4F21D1C225705006E77B0 /* FireExtension.appex */; settings = {ATTRIBUTES = (RemoveHeadersOnCopy, ); }; };
		88A4FE0A7805F08337599204 /* Pods_FireExtension.framework in Frameworks */ = {isa = PBXBuildFile; fileRef = 9E92AC726CEE34E7B4FEF94F /* Pods_FireExtension.framework */; };
/* End PBXBuildFile section */

/* Begin PBXContainerItemProxy section */
		39E4F2241C225705006E77B0 /* PBXContainerItemProxy */ = {
			isa = PBXContainerItemProxy;
			containerPortal = 39184DBD1C209D8800262917 /* Project object */;
			proxyType = 1;
			remoteGlobalIDString = 39E4F21C1C225705006E77B0;
			remoteInfo = FireExtension;
		};
/* End PBXContainerItemProxy section */

/* Begin PBXCopyFilesBuildPhase section */
		39E4F22A1C225705006E77B0 /* Embed App Extensions */ = {
			isa = PBXCopyFilesBuildPhase;
			buildActionMask = 2147483647;
			dstPath = "";
			dstSubfolderSpec = 13;
			files = (
				39E4F2261C225705006E77B0 /* FireExtension.appex in Embed App Extensions */,
			);
			name = "Embed App Extensions";
			runOnlyForDeploymentPostprocessing = 0;
		};
/* End PBXCopyFilesBuildPhase section */

/* Begin PBXFileReference section */
		18A88D1DAB51F5D49879C94B /* Pods-FireURL.release.xcconfig */ = {isa = PBXFileReference; includeInIndex = 1; lastKnownFileType = text.xcconfig; name = "Pods-FireURL.release.xcconfig"; path = "Pods/Target Support Files/Pods-FireURL/Pods-FireURL.release.xcconfig"; sourceTree = "<group>"; };
		3912F99D1C22A31E0077A8E2 /* Settings.bundle */ = {isa = PBXFileReference; lastKnownFileType = "wrapper.plug-in"; path = Settings.bundle; sourceTree = "<group>"; };
		39184DC51C209D8800262917 /* FireURL.app */ = {isa = PBXFileReference; explicitFileType = wrapper.application; includeInIndex = 0; path = FireURL.app; sourceTree = BUILT_PRODUCTS_DIR; };
		39184DC81C209D8800262917 /* AppDelegate.swift */ = {isa = PBXFileReference; lastKnownFileType = sourcecode.swift; path = AppDelegate.swift; sourceTree = "<group>"; };
		39184DCA1C209D8800262917 /* ViewController.swift */ = {isa = PBXFileReference; lastKnownFileType = sourcecode.swift; path = ViewController.swift; sourceTree = "<group>"; };
		39184DCD1C209D8800262917 /* Base */ = {isa = PBXFileReference; lastKnownFileType = file.storyboard; name = Base; path = Base.lproj/Main.storyboard; sourceTree = "<group>"; };
		39184DCF1C209D8800262917 /* Assets.xcassets */ = {isa = PBXFileReference; lastKnownFileType = folder.assetcatalog; path = Assets.xcassets; sourceTree = "<group>"; };
		39184DD21C209D8800262917 /* Base */ = {isa = PBXFileReference; lastKnownFileType = file.storyboard; name = Base; path = Base.lproj/LaunchScreen.storyboard; sourceTree = "<group>"; };
		39184DD41C209D8800262917 /* Info.plist */ = {isa = PBXFileReference; lastKnownFileType = text.plist.xml; path = Info.plist; sourceTree = "<group>"; };
		39388A0D1C22627B0099DE95 /* Pods_FireExtension.framework */ = {isa = PBXFileReference; lastKnownFileType = wrapper.framework; name = Pods_FireExtension.framework; path = "Pods/../build/Debug-iphoneos/Pods_FireExtension.framework"; sourceTree = "<group>"; };
		39388A0F1C22883A0099DE95 /* FireManager.swift */ = {isa = PBXFileReference; fileEncoding = 4; lastKnownFileType = sourcecode.swift; path = FireManager.swift; sourceTree = "<group>"; };
		396245AD1C23A1470052A0DC /* icon.png */ = {isa = PBXFileReference; lastKnownFileType = image.png; path = icon.png; sourceTree = "<group>"; };
		396245B11C23A84D0052A0DC /* github.png */ = {isa = PBXFileReference; lastKnownFileType = image.png; path = github.png; sourceTree = "<group>"; };
		39DF098F1C209DF100AC341D /* NetworkManager.swift */ = {isa = PBXFileReference; fileEncoding = 4; lastKnownFileType = sourcecode.swift; path = NetworkManager.swift; sourceTree = "<group>"; };
		39E4F21D1C225705006E77B0 /* FireExtension.appex */ = {isa = PBXFileReference; explicitFileType = "wrapper.app-extension"; includeInIndex = 0; path = FireExtension.appex; sourceTree = BUILT_PRODUCTS_DIR; };
		39E4F21F1C225705006E77B0 /* ActionRequestHandler.swift */ = {isa = PBXFileReference; lastKnownFileType = sourcecode.swift; path = ActionRequestHandler.swift; sourceTree = "<group>"; };
		39E4F2231C225705006E77B0 /* Info.plist */ = {isa = PBXFileReference; lastKnownFileType = text.plist.xml; path = Info.plist; sourceTree = "<group>"; };
		4A6D363B181B320864697335 /* Pods-FireExtension.release.xcconfig */ = {isa = PBXFileReference; includeInIndex = 1; lastKnownFileType = text.xcconfig; name = "Pods-FireExtension.release.xcconfig"; path = "Pods/Target Support Files/Pods-FireExtension/Pods-FireExtension.release.xcconfig"; sourceTree = "<group>"; };
		897DC233282F21C165375320 /* Pods-FireURL.debug.xcconfig */ = {isa = PBXFileReference; includeInIndex = 1; lastKnownFileType = text.xcconfig; name = "Pods-FireURL.debug.xcconfig"; path = "Pods/Target Support Files/Pods-FireURL/Pods-FireURL.debug.xcconfig"; sourceTree = "<group>"; };
		9E92AC726CEE34E7B4FEF94F /* Pods_FireExtension.framework */ = {isa = PBXFileReference; explicitFileType = wrapper.framework; includeInIndex = 0; path = Pods_FireExtension.framework; sourceTree = BUILT_PRODUCTS_DIR; };
		BD4F6D2EC5EC5E5F85191EE1 /* Pods_FireURL.framework */ = {isa = PBXFileReference; explicitFileType = wrapper.framework; includeInIndex = 0; path = Pods_FireURL.framework; sourceTree = BUILT_PRODUCTS_DIR; };
		D410821344F141BB3C28BFDF /* Pods.framework */ = {isa = PBXFileReference; explicitFileType = wrapper.framework; includeInIndex = 0; path = Pods.framework; sourceTree = BUILT_PRODUCTS_DIR; };
		D8502F47218F71E4ED52B2B1 /* Pods.release.xcconfig */ = {isa = PBXFileReference; includeInIndex = 1; lastKnownFileType = text.xcconfig; name = Pods.release.xcconfig; path = "Pods/Target Support Files/Pods/Pods.release.xcconfig"; sourceTree = "<group>"; };
		E6143891559E676D6DD04992 /* Pods.debug.xcconfig */ = {isa = PBXFileReference; includeInIndex = 1; lastKnownFileType = text.xcconfig; name = Pods.debug.xcconfig; path = "Pods/Target Support Files/Pods/Pods.debug.xcconfig"; sourceTree = "<group>"; };
		FDB3644CE601DB2B2FE8F3F8 /* Pods-FireExtension.debug.xcconfig */ = {isa = PBXFileReference; includeInIndex = 1; lastKnownFileType = text.xcconfig; name = "Pods-FireExtension.debug.xcconfig"; path = "Pods/Target Support Files/Pods-FireExtension/Pods-FireExtension.debug.xcconfig"; sourceTree = "<group>"; };
/* End PBXFileReference section */

/* Begin PBXFrameworksBuildPhase section */
		39184DC21C209D8800262917 /* Frameworks */ = {
			isa = PBXFrameworksBuildPhase;
			buildActionMask = 2147483647;
			files = (
				39388A0E1C22627B0099DE95 /* Pods_FireExtension.framework in Frameworks */,
				0B19F9DA9FEE95BB837800C6 /* Pods_FireURL.framework in Frameworks */,
			);
			runOnlyForDeploymentPostprocessing = 0;
		};
		39E4F21A1C225705006E77B0 /* Frameworks */ = {
			isa = PBXFrameworksBuildPhase;
			buildActionMask = 2147483647;
			files = (
				88A4FE0A7805F08337599204 /* Pods_FireExtension.framework in Frameworks */,
			);
			runOnlyForDeploymentPostprocessing = 0;
		};
/* End PBXFrameworksBuildPhase section */

/* Begin PBXGroup section */
		39184DBC1C209D8800262917 = {
			isa = PBXGroup;
			children = (
				3912F99D1C22A31E0077A8E2 /* Settings.bundle */,
				39184DC71C209D8800262917 /* FireURL */,
				39E4F21E1C225705006E77B0 /* FireExtension */,
				39184DC61C209D8800262917 /* Products */,
				A02661E01BED2FD414589175 /* Pods */,
				5A1315F4242832B85A472DBB /* Frameworks */,
			);
			sourceTree = "<group>";
		};
		39184DC61C209D8800262917 /* Products */ = {
			isa = PBXGroup;
			children = (
				39184DC51C209D8800262917 /* FireURL.app */,
				39E4F21D1C225705006E77B0 /* FireExtension.appex */,
			);
			name = Products;
			sourceTree = "<group>";
		};
		39184DC71C209D8800262917 /* FireURL */ = {
			isa = PBXGroup;
			children = (
				396245B11C23A84D0052A0DC /* github.png */,
				396245AD1C23A1470052A0DC /* icon.png */,
				39184DC81C209D8800262917 /* AppDelegate.swift */,
				39184DCA1C209D8800262917 /* ViewController.swift */,
				39184DCC1C209D8800262917 /* Main.storyboard */,
				39184DCF1C209D8800262917 /* Assets.xcassets */,
				39184DD11C209D8800262917 /* LaunchScreen.storyboard */,
				39184DD41C209D8800262917 /* Info.plist */,
				39DF098F1C209DF100AC341D /* NetworkManager.swift */,
				39388A0F1C22883A0099DE95 /* FireManager.swift */,
			);
			path = FireURL;
			sourceTree = "<group>";
		};
		39E4F21E1C225705006E77B0 /* FireExtension */ = {
			isa = PBXGroup;
			children = (
				39E4F21F1C225705006E77B0 /* ActionRequestHandler.swift */,
				39E4F2231C225705006E77B0 /* Info.plist */,
			);
			path = FireExtension;
			sourceTree = "<group>";
		};
		5A1315F4242832B85A472DBB /* Frameworks */ = {
			isa = PBXGroup;
			children = (
				39388A0D1C22627B0099DE95 /* Pods_FireExtension.framework */,
				BD4F6D2EC5EC5E5F85191EE1 /* Pods_FireURL.framework */,
				D410821344F141BB3C28BFDF /* Pods.framework */,
				9E92AC726CEE34E7B4FEF94F /* Pods_FireExtension.framework */,
			);
			name = Frameworks;
			sourceTree = "<group>";
		};
		A02661E01BED2FD414589175 /* Pods */ = {
			isa = PBXGroup;
			children = (
				897DC233282F21C165375320 /* Pods-FireURL.debug.xcconfig */,
				18A88D1DAB51F5D49879C94B /* Pods-FireURL.release.xcconfig */,
				E6143891559E676D6DD04992 /* Pods.debug.xcconfig */,
				D8502F47218F71E4ED52B2B1 /* Pods.release.xcconfig */,
				FDB3644CE601DB2B2FE8F3F8 /* Pods-FireExtension.debug.xcconfig */,
				4A6D363B181B320864697335 /* Pods-FireExtension.release.xcconfig */,
			);
			name = Pods;
			sourceTree = "<group>";
		};
/* End PBXGroup section */

/* Begin PBXNativeTarget section */
		39184DC41C209D8800262917 /* FireURL */ = {
			isa = PBXNativeTarget;
			buildConfigurationList = 39184DD71C209D8800262917 /* Build configuration list for PBXNativeTarget "FireURL" */;
			buildPhases = (
				EFCB2815DF1F9AD8F6D01E1E /* Check Pods Manifest.lock */,
				39184DC11C209D8800262917 /* Sources */,
				39184DC21C209D8800262917 /* Frameworks */,
				39184DC31C209D8800262917 /* Resources */,
				523D85C5295BB53DAFCFC1F1 /* Embed Pods Frameworks */,
				1F722971D9F9ED314325FA09 /* Copy Pods Resources */,
				39E4F22A1C225705006E77B0 /* Embed App Extensions */,
			);
			buildRules = (
			);
			dependencies = (
				39E4F2251C225705006E77B0 /* PBXTargetDependency */,
			);
			name = FireURL;
			productName = FireURL;
			productReference = 39184DC51C209D8800262917 /* FireURL.app */;
			productType = "com.apple.product-type.application";
		};
		39E4F21C1C225705006E77B0 /* FireExtension */ = {
			isa = PBXNativeTarget;
			buildConfigurationList = 39E4F2291C225705006E77B0 /* Build configuration list for PBXNativeTarget "FireExtension" */;
			buildPhases = (
				B8243BF65D6E5BDB051A396F /* Check Pods Manifest.lock */,
				39E4F2191C225705006E77B0 /* Sources */,
				39E4F21A1C225705006E77B0 /* Frameworks */,
				39E4F21B1C225705006E77B0 /* Resources */,
				310720D978824D35F013CA60 /* Embed Pods Frameworks */,
				6FB4205DB43E572159AD9456 /* Copy Pods Resources */,
			);
			buildRules = (
			);
			dependencies = (
			);
			name = FireExtension;
			productName = FireExtension;
			productReference = 39E4F21D1C225705006E77B0 /* FireExtension.appex */;
			productType = "com.apple.product-type.app-extension";
		};
/* End PBXNativeTarget section */

/* Begin PBXProject section */
		39184DBD1C209D8800262917 /* Project object */ = {
			isa = PBXProject;
			attributes = {
				LastSwiftUpdateCheck = 0720;
				LastUpgradeCheck = 0720;
				ORGANIZATIONNAME = "Matthew Wo";
				TargetAttributes = {
					39184DC41C209D8800262917 = {
						CreatedOnToolsVersion = 7.2;
						DevelopmentTeam = HXY2V2SCJW;
					};
					39E4F21C1C225705006E77B0 = {
						CreatedOnToolsVersion = 7.2;
						DevelopmentTeam = HXY2V2SCJW;
					};
				};
			};
			buildConfigurationList = 39184DC01C209D8800262917 /* Build configuration list for PBXProject "FireURL" */;
			compatibilityVersion = "Xcode 3.2";
			developmentRegion = English;
			hasScannedForEncodings = 0;
			knownRegions = (
				en,
				Base,
			);
			mainGroup = 39184DBC1C209D8800262917;
			productRefGroup = 39184DC61C209D8800262917 /* Products */;
			projectDirPath = "";
			projectRoot = "";
			targets = (
				39184DC41C209D8800262917 /* FireURL */,
				39E4F21C1C225705006E77B0 /* FireExtension */,
			);
		};
/* End PBXProject section */

/* Begin PBXResourcesBuildPhase section */
		39184DC31C209D8800262917 /* Resources */ = {
			isa = PBXResourcesBuildPhase;
			buildActionMask = 2147483647;
			files = (
				3912F99E1C22A31E0077A8E2 /* Settings.bundle in Resources */,
				396245AE1C23A1470052A0DC /* icon.png in Resources */,
				39184DD31C209D8800262917 /* LaunchScreen.storyboard in Resources */,
				39184DD01C209D8800262917 /* Assets.xcassets in Resources */,
				39184DCE1C209D8800262917 /* Main.storyboard in Resources */,
				396245B21C23A84D0052A0DC /* github.png in Resources */,
			);
			runOnlyForDeploymentPostprocessing = 0;
		};
		39E4F21B1C225705006E77B0 /* Resources */ = {
			isa = PBXResourcesBuildPhase;
			buildActionMask = 2147483647;
			files = (
				3912F99C1C22A1540077A8E2 /* Assets.xcassets in Resources */,
			);
			runOnlyForDeploymentPostprocessing = 0;
		};
/* End PBXResourcesBuildPhase section */

/* Begin PBXShellScriptBuildPhase section */
		1F722971D9F9ED314325FA09 /* Copy Pods Resources */ = {
			isa = PBXShellScriptBuildPhase;
			buildActionMask = 2147483647;
			files = (
			);
			inputPaths = (
			);
			name = "Copy Pods Resources";
			outputPaths = (
			);
			runOnlyForDeploymentPostprocessing = 0;
			shellPath = /bin/sh;
			shellScript = "\"${SRCROOT}/Pods/Target Support Files/Pods-FireURL/Pods-FireURL-resources.sh\"\n";
			showEnvVarsInLog = 0;
		};
		310720D978824D35F013CA60 /* Embed Pods Frameworks */ = {
			isa = PBXShellScriptBuildPhase;
			buildActionMask = 2147483647;
			files = (
			);
			inputPaths = (
			);
			name = "Embed Pods Frameworks";
			outputPaths = (
			);
			runOnlyForDeploymentPostprocessing = 0;
			shellPath = /bin/sh;
			shellScript = "\"${SRCROOT}/Pods/Target Support Files/Pods-FireExtension/Pods-FireExtension-frameworks.sh\"\n";
			showEnvVarsInLog = 0;
		};
		523D85C5295BB53DAFCFC1F1 /* Embed Pods Frameworks */ = {
			isa = PBXShellScriptBuildPhase;
			buildActionMask = 2147483647;
			files = (
			);
			inputPaths = (
			);
			name = "Embed Pods Frameworks";
			outputPaths = (
			);
			runOnlyForDeploymentPostprocessing = 0;
			shellPath = /bin/sh;
			shellScript = "\"${SRCROOT}/Pods/Target Support Files/Pods-FireURL/Pods-FireURL-frameworks.sh\"\n";
			showEnvVarsInLog = 0;
		};
		6FB4205DB43E572159AD9456 /* Copy Pods Resources */ = {
			isa = PBXShellScriptBuildPhase;
			buildActionMask = 2147483647;
			files = (
			);
			inputPaths = (
			);
			name = "Copy Pods Resources";
			outputPaths = (
			);
			runOnlyForDeploymentPostprocessing = 0;
			shellPath = /bin/sh;
			shellScript = "\"${SRCROOT}/Pods/Target Support Files/Pods-FireExtension/Pods-FireExtension-resources.sh\"\n";
			showEnvVarsInLog = 0;
		};
		B8243BF65D6E5BDB051A396F /* Check Pods Manifest.lock */ = {
			isa = PBXShellScriptBuildPhase;
			buildActionMask = 2147483647;
			files = (
			);
			inputPaths = (
			);
			name = "Check Pods Manifest.lock";
			outputPaths = (
			);
			runOnlyForDeploymentPostprocessing = 0;
			shellPath = /bin/sh;
			shellScript = "diff \"${PODS_ROOT}/../Podfile.lock\" \"${PODS_ROOT}/Manifest.lock\" > /dev/null\nif [[ $? != 0 ]] ; then\n    cat << EOM\nerror: The sandbox is not in sync with the Podfile.lock. Run 'pod install' or update your CocoaPods installation.\nEOM\n    exit 1\nfi\n";
			showEnvVarsInLog = 0;
		};
		EFCB2815DF1F9AD8F6D01E1E /* Check Pods Manifest.lock */ = {
			isa = PBXShellScriptBuildPhase;
			buildActionMask = 2147483647;
			files = (
			);
			inputPaths = (
			);
			name = "Check Pods Manifest.lock";
			outputPaths = (
			);
			runOnlyForDeploymentPostprocessing = 0;
			shellPath = /bin/sh;
			shellScript = "diff \"${PODS_ROOT}/../Podfile.lock\" \"${PODS_ROOT}/Manifest.lock\" > /dev/null\nif [[ $? != 0 ]] ; then\n    cat << EOM\nerror: The sandbox is not in sync with the Podfile.lock. Run 'pod install' or update your CocoaPods installation.\nEOM\n    exit 1\nfi\n";
			showEnvVarsInLog = 0;
		};
/* End PBXShellScriptBuildPhase section */

/* Begin PBXSourcesBuildPhase section */
		39184DC11C209D8800262917 /* Sources */ = {
			isa = PBXSourcesBuildPhase;
			buildActionMask = 2147483647;
			files = (
				39DF09901C209DF100AC341D /* NetworkManager.swift in Sources */,
				39388A101C22883A0099DE95 /* FireManager.swift in Sources */,
				39184DCB1C209D8800262917 /* ViewController.swift in Sources */,
				39184DC91C209D8800262917 /* AppDelegate.swift in Sources */,
			);
			runOnlyForDeploymentPostprocessing = 0;
		};
		39E4F2191C225705006E77B0 /* Sources */ = {
			isa = PBXSourcesBuildPhase;
			buildActionMask = 2147483647;
			files = (
				39388A121C228C130099DE95 /* NetworkManager.swift in Sources */,
				39388A111C2289490099DE95 /* FireManager.swift in Sources */,
				39E4F2201C225705006E77B0 /* ActionRequestHandler.swift in Sources */,
			);
			runOnlyForDeploymentPostprocessing = 0;
		};
/* End PBXSourcesBuildPhase section */

/* Begin PBXTargetDependency section */
		39E4F2251C225705006E77B0 /* PBXTargetDependency */ = {
			isa = PBXTargetDependency;
			target = 39E4F21C1C225705006E77B0 /* FireExtension */;
			targetProxy = 39E4F2241C225705006E77B0 /* PBXContainerItemProxy */;
		};
/* End PBXTargetDependency section */

/* Begin PBXVariantGroup section */
		39184DCC1C209D8800262917 /* Main.storyboard */ = {
			isa = PBXVariantGroup;
			children = (
				39184DCD1C209D8800262917 /* Base */,
			);
			name = Main.storyboard;
			sourceTree = "<group>";
		};
		39184DD11C209D8800262917 /* LaunchScreen.storyboard */ = {
			isa = PBXVariantGroup;
			children = (
				39184DD21C209D8800262917 /* Base */,
			);
			name = LaunchScreen.storyboard;
			sourceTree = "<group>";
		};
/* End PBXVariantGroup section */

/* Begin XCBuildConfiguration section */
		39184DD51C209D8800262917 /* Debug */ = {
			isa = XCBuildConfiguration;
			buildSettings = {
				ALWAYS_SEARCH_USER_PATHS = NO;
				CLANG_CXX_LANGUAGE_STANDARD = "gnu++0x";
				CLANG_CXX_LIBRARY = "libc++";
				CLANG_ENABLE_MODULES = YES;
				CLANG_ENABLE_OBJC_ARC = YES;
				CLANG_WARN_BOOL_CONVERSION = YES;
				CLANG_WARN_CONSTANT_CONVERSION = YES;
				CLANG_WARN_DIRECT_OBJC_ISA_USAGE = YES_ERROR;
				CLANG_WARN_EMPTY_BODY = YES;
				CLANG_WARN_ENUM_CONVERSION = YES;
				CLANG_WARN_INT_CONVERSION = YES;
				CLANG_WARN_OBJC_ROOT_CLASS = YES_ERROR;
				CLANG_WARN_UNREACHABLE_CODE = YES;
				CLANG_WARN__DUPLICATE_METHOD_MATCH = YES;
				"CODE_SIGN_IDENTITY[sdk=iphoneos*]" = "iPhone Developer";
				COPY_PHASE_STRIP = NO;
				DEBUG_INFORMATION_FORMAT = dwarf;
				ENABLE_STRICT_OBJC_MSGSEND = YES;
				ENABLE_TESTABILITY = YES;
				GCC_C_LANGUAGE_STANDARD = gnu99;
				GCC_DYNAMIC_NO_PIC = NO;
				GCC_NO_COMMON_BLOCKS = YES;
				GCC_OPTIMIZATION_LEVEL = 0;
				GCC_PREPROCESSOR_DEFINITIONS = (
					"DEBUG=1",
					"$(inherited)",
				);
				GCC_WARN_64_TO_32_BIT_CONVERSION = YES;
				GCC_WARN_ABOUT_RETURN_TYPE = YES_ERROR;
				GCC_WARN_UNDECLARED_SELECTOR = YES;
				GCC_WARN_UNINITIALIZED_AUTOS = YES_AGGRESSIVE;
				GCC_WARN_UNUSED_FUNCTION = YES;
				GCC_WARN_UNUSED_VARIABLE = YES;
				IPHONEOS_DEPLOYMENT_TARGET = 9.2;
				MTL_ENABLE_DEBUG_INFO = YES;
				ONLY_ACTIVE_ARCH = YES;
				OTHER_LDFLAGS = "$(inherited)";
				SDKROOT = iphoneos;
				SWIFT_OPTIMIZATION_LEVEL = "-Onone";
			};
			name = Debug;
		};
		39184DD61C209D8800262917 /* Release */ = {
			isa = XCBuildConfiguration;
			buildSettings = {
				ALWAYS_SEARCH_USER_PATHS = NO;
				CLANG_CXX_LANGUAGE_STANDARD = "gnu++0x";
				CLANG_CXX_LIBRARY = "libc++";
				CLANG_ENABLE_MODULES = YES;
				CLANG_ENABLE_OBJC_ARC = YES;
				CLANG_WARN_BOOL_CONVERSION = YES;
				CLANG_WARN_CONSTANT_CONVERSION = YES;
				CLANG_WARN_DIRECT_OBJC_ISA_USAGE = YES_ERROR;
				CLANG_WARN_EMPTY_BODY = YES;
				CLANG_WARN_ENUM_CONVERSION = YES;
				CLANG_WARN_INT_CONVERSION = YES;
				CLANG_WARN_OBJC_ROOT_CLASS = YES_ERROR;
				CLANG_WARN_UNREACHABLE_CODE = YES;
				CLANG_WARN__DUPLICATE_METHOD_MATCH = YES;
				"CODE_SIGN_IDENTITY[sdk=iphoneos*]" = "iPhone Developer";
				COPY_PHASE_STRIP = NO;
				DEBUG_INFORMATION_FORMAT = "dwarf-with-dsym";
				ENABLE_NS_ASSERTIONS = NO;
				ENABLE_STRICT_OBJC_MSGSEND = YES;
				GCC_C_LANGUAGE_STANDARD = gnu99;
				GCC_NO_COMMON_BLOCKS = YES;
				GCC_WARN_64_TO_32_BIT_CONVERSION = YES;
				GCC_WARN_ABOUT_RETURN_TYPE = YES_ERROR;
				GCC_WARN_UNDECLARED_SELECTOR = YES;
				GCC_WARN_UNINITIALIZED_AUTOS = YES_AGGRESSIVE;
				GCC_WARN_UNUSED_FUNCTION = YES;
				GCC_WARN_UNUSED_VARIABLE = YES;
				IPHONEOS_DEPLOYMENT_TARGET = 9.2;
				MTL_ENABLE_DEBUG_INFO = NO;
				OTHER_LDFLAGS = "$(inherited)";
				SDKROOT = iphoneos;
				VALIDATE_PRODUCT = YES;
			};
			name = Release;
		};
		39184DD81C209D8800262917 /* Debug */ = {
			isa = XCBuildConfiguration;
			baseConfigurationReference = 897DC233282F21C165375320 /* Pods-FireURL.debug.xcconfig */;
			buildSettings = {
				ASSETCATALOG_COMPILER_APPICON_NAME = AppIcon;
				INFOPLIST_FILE = FireURL/Info.plist;
				PRODUCT_BUNDLE_IDENTIFIER = PrankyMat.FireURL;
				PRODUCT_NAME = "$(TARGET_NAME)";
			};
			name = Debug;
		};
		39184DD91C209D8800262917 /* Release */ = {
			isa = XCBuildConfiguration;
			baseConfigurationReference = 18A88D1DAB51F5D49879C94B /* Pods-FireURL.release.xcconfig */;
			buildSettings = {
				ASSETCATALOG_COMPILER_APPICON_NAME = AppIcon;
				INFOPLIST_FILE = FireURL/Info.plist;
				PRODUCT_BUNDLE_IDENTIFIER = PrankyMat.FireURL;
				PRODUCT_NAME = "$(TARGET_NAME)";
			};
			name = Release;
		};
		39E4F2271C225705006E77B0 /* Debug */ = {
			isa = XCBuildConfiguration;
			baseConfigurationReference = FDB3644CE601DB2B2FE8F3F8 /* Pods-FireExtension.debug.xcconfig */;
			buildSettings = {
				ASSETCATALOG_COMPILER_APPICON_NAME = "AppIcon-2";
				INFOPLIST_FILE = FireExtension/Info.plist;
				LD_RUNPATH_SEARCH_PATHS = "$(inherited) @executable_path/Frameworks @executable_path/../../Frameworks";
				PRODUCT_BUNDLE_IDENTIFIER = PrankyMat.FireURL.FireExtension;
				PRODUCT_NAME = "$(TARGET_NAME)";
				SKIP_INSTALL = YES;
			};
			name = Debug;
		};
		39E4F2281C225705006E77B0 /* Release */ = {
			isa = XCBuildConfiguration;
			baseConfigurationReference = 4A6D363B181B320864697335 /* Pods-FireExtension.release.xcconfig */;
			buildSettings = {
				ASSETCATALOG_COMPILER_APPICON_NAME = "AppIcon-2";
				INFOPLIST_FILE = FireExtension/Info.plist;
				LD_RUNPATH_SEARCH_PATHS = "$(inherited) @executable_path/Frameworks @executable_path/../../Frameworks";
				PRODUCT_BUNDLE_IDENTIFIER = PrankyMat.FireURL.FireExtension;
				PRODUCT_NAME = "$(TARGET_NAME)";
				SKIP_INSTALL = YES;
			};
			name = Release;
		};
/* End XCBuildConfiguration section */

/* Begin XCConfigurationList section */
		39184DC01C209D8800262917 /* Build configuration list for PBXProject "FireURL" */ = {
			isa = XCConfigurationList;
			buildConfigurations = (
				39184DD51C209D8800262917 /* Debug */,
				39184DD61C209D8800262917 /* Release */,
			);
			defaultConfigurationIsVisible = 0;
			defaultConfigurationName = Release;
		};
		39184DD71C209D8800262917 /* Build configuration list for PBXNativeTarget "FireURL" */ = {
			isa = XCConfigurationList;
			buildConfigurations = (
				39184DD81C209D8800262917 /* Debug */,
				39184DD91C209D8800262917 /* Release */,
			);
			defaultConfigurationIsVisible = 0;
			defaultConfigurationName = Release;
		};
		39E4F2291C225705006E77B0 /* Build configuration list for PBXNativeTarget "FireExtension" */ = {
			isa = XCConfigurationList;
			buildConfigurations = (
				39E4F2271C225705006E77B0 /* Debug */,
				39E4F2281C225705006E77B0 /* Release */,
			);
			defaultConfigurationIsVisible = 0;
			defaultConfigurationName = Release;
		};
/* End XCConfigurationList section */
	};
	rootObject = 39184DBD1C209D8800262917 /* Project object */;
}
